# THIS IS AN AUTOGENERATED FILE. DO NOT EDIT THIS FILE DIRECTLY.
# yarn lockfile v1


fsevents@~2.3.2:
  version "2.3.2"
  resolved "https://registry.npmmirror.com/fsevents/-/fsevents-2.3.2.tgz#8a526f78b8fdf4623b709e0b975c52c24c02fd1a"
  integrity sha512-xiqMQR4xAeHTuB9uWm+fFRcIOgKBMiOBP+eXiyT7jsgVCq1bkVygt00oASowB7EdtpOHaaPgKt812P9ab+DDKA==

mime@>=2.4.6:
  version "3.0.0"
  resolved "https://registry.npmmirror.com/mime/-/mime-3.0.0.tgz#b374550dca3a0c18443b0c950a6a58f1931cf7a7"
  integrity sha512-jSCU7/VB1loIWBZe14aEYHU/+1UMEHoaO7qxCOVJOw9GgH72VAWppxNcjU+x9a2k3GSIBXNKxXQFqRvvZ7vr3A==

opener@1:
  version "1.5.2"
  resolved "https://registry.npmmirror.com/opener/-/opener-1.5.2.tgz#5d37e1f35077b9dcac4301372271afdeb2a13598"
  integrity sha512-ur5UIdyw5Y7yEj9wLzhqXiy6GZ3Mwx0yGI+5sMn2r0N0v3cKJvUmFH5yPP+WXh9e0xfyzyJX95D8l088DNFj7A==

rollup-plugin-serve@^2.0.0:
  version "2.0.0"
  resolved "https://registry.npmmirror.com/rollup-plugin-serve/-/rollup-plugin-serve-2.0.0.tgz#f5ac0d9740f8c30e8be353a780303838fa1dac0e"
  integrity sha512-adII2hdsHyNftFhg4bx55B6ogZWmySEGtdqcqxwZQi3BryAnfzQ+xRb1/BLe3DR1lX9QxnpwtHbBCSULyXbMwA==
  dependencies:
    mime ">=2.4.6"
    opener "1"

rollup@^2.77.0:
  version "2.77.0"
  resolved "https://registry.npmmirror.com/rollup/-/rollup-2.77.0.tgz#749eaa5ac09b6baa52acc076bc46613eddfd53f4"
  integrity sha512-vL8xjY4yOQEw79DvyXLijhnhh+R/O9zpF/LEgkCebZFtb6ELeN9H3/2T0r8+mp+fFTBHZ5qGpOpW2ela2zRt3g==
  optionalDependencies:
    fsevents "~2.3.2"
